
Microsoft Visual Studio Solution File, Format Version 12.00
# Visual Studio Version 16
VisualStudioVersion = 16.0.28917.181
MinimumVisualStudioVersion = 10.0.40219.1
Project("{9A19103F-16F7-4668-BE54-9A1E7A4F7556}") = "MultiChannelBot", "MultiChannelBot\MultiChannelBot.csproj", "{F1F85057-BAFA-46E2-830C-36060270659F}"
EndProject
Global
	GlobalSection(SolutionConfigurationPlatforms) = preSolution
		Debug|Any CPU = Debug|Any CPU
		Release|Any CPU = Release|Any CPU
	EndGlobalSection
	GlobalSection(ProjectConfigurationPlatforms) = postSolution
		{F1F85057-BAFA-46E2-830C-36060270659F}.Debug|Any CPU.ActiveCfg = Debug|Any CPU
		{F1F85057-BAFA-46E2-830C-36060270659F}.Debug|Any CPU.Build.0 = Debug|Any CPU
		{F1F85057-BAFA-46E2-830C-36060270659F}.Release|Any CPU.ActiveCfg = Release|Any CPU
		{F1F85057-BAFA-46E2-830C-36060270659F}.Release|Any CPU.Build.0 = Release|Any CPU
	EndGlobalSection
	GlobalSection(SolutionProperties) = preSolution
		HideSolutionNode = FALSE
	EndGlobalSection
	GlobalSection(ExtensibilityGlobals) = postSolution
		SolutionGuid = {6AF4AF72-D00E-45C4-B3B2-E30FBE53245A}
	EndGlobalSection
EndGlobal
